# THIS IS AN AUTOGENERATED FILE. DO NOT EDIT THIS FILE DIRECTLY.
# yarn lockfile v1


react-custom-checkbox@^3.1.5:
  version "3.1.5"
  resolved "https://registry.yarnpkg.com/react-custom-checkbox/-/react-custom-checkbox-3.1.5.tgz#cf096f772fdebb874c8c99c10706e38ff0d8e6dc"
  integrity sha512-MTGyAkebTsMjDnsJ/HpkRT49yy4ODhmy/CUAFlCnsejQAjyn6Lgmg2ihB0CNf+R1cu5ytJ/ORdovFlB88madaQ==
